# This file is generated by gogradle automatically, you should NEVER modify it manually.
---
apiVersion: "0.10.2"
dependencies:
  build:
  - vcs: "git"
    name: "cloud.google.com/go"
    commit: "e2c125ceac8b663cfcf4610477d4d67827377cb7"
    url: "https://code.googlesource.com/gocloud"
    transitive: false
  - name: "github.com/PuerkitoBio/purell"
    host:
      name: "k8s.io/client-go"
      commit: "4a3ab2f5be5177366f8206fd79ce55ca80e417fa"
      url: "https://github.com/kubernetes/client-go"
      vcs: "git"
    vendorPath: "vendor/github.com/PuerkitoBio/purell"
    transitive: false
  - name: "github.com/PuerkitoBio/urlesc"
    host:
      name: "k8s.io/client-go"
      commit: "4a3ab2f5be5177366f8206fd79ce55ca80e417fa"
      url: "https://github.com/kubernetes/client-go"
      vcs: "git"
    vendorPath: "vendor/github.com/PuerkitoBio/urlesc"
    transitive: false
  - urls:
    - "https://github.com/alexflint/go-filemutex.git"
    - "git@github.com:alexflint/go-filemutex.git"
    vcs: "git"
    name: "github.com/alexflint/go-filemutex"
    commit: "d358565f3c3f5334209f1e80693e4f621650c489"
    transitive: false
  - urls:
    - "https://github.com/chzyer/readline.git"
    - "git@github.com:chzyer/readline.git"
    vcs: "git"
    name: "github.com/chzyer/readline"
    commit: "2972be24d48e78746da79ba8e24e8b488c9880de"
    transitive: false
  - urls:
    - "https://github.com/containernetworking/cni.git"
    - "git@github.com:containernetworking/cni.git"
    vcs: "git"
    name: "github.com/containernetworking/cni"
    commit: "a2da8f8d7fd8e6dc25f336408a8ac86f050fbd88"
    transitive: false
  - urls:
    - "https://github.com/coreos/go-iptables.git"
    - "git@github.com:coreos/go-iptables.git"
    vcs: "git"
    name: "github.com/coreos/go-iptables"
    commit: "259c8e6a4275d497442c721fa52204d7a58bde8b"
    transitive: false
  - name: "github.com/coreos/go-oidc"
    host:
      name: "k8s.io/client-go"
      commit: "4a3ab2f5be5177366f8206fd79ce55ca80e417fa"
      url: "https://github.com/kubernetes/client-go"
      vcs: "git"
    vendorPath: "vendor/github.com/coreos/go-oidc"
    transitive: false
  - urls:
    - "https://github.com/coreos/go-systemd.git"
    - "git@github.com:coreos/go-systemd.git"
    vcs: "git"
    name: "github.com/coreos/go-systemd"
    commit: "2688e91251d9d8e404e86dd8f096e23b2f086958"
    transitive: false
  - name: "github.com/coreos/pkg"
    host:
      name: "k8s.io/client-go"
      commit: "4a3ab2f5be5177366f8206fd79ce55ca80e417fa"
      url: "https://github.com/kubernetes/client-go"
      vcs: "git"
    vendorPath: "vendor/github.com/coreos/pkg"
    transitive: false
  - urls:
    - "https://github.com/d2g/dhcp4.git"
    - "git@github.com:d2g/dhcp4.git"
    vcs: "git"
    name: "github.com/d2g/dhcp4"
    commit: "f0e4d29ff0231dce36e250b2ed9ff08412584bca"
    transitive: false
  - urls:
    - "https://github.com/d2g/dhcp4client.git"
    - "git@github.com:d2g/dhcp4client.git"
    vcs: "git"
    name: "github.com/d2g/dhcp4client"
    commit: "bed07e1bc5b85f69c6f0fd73393aa35ec68ed892"
    transitive: false
  - name: "github.com/davecgh/go-spew"
    host:
      name: "github.com/nbutton23/zxcvbn-go"
      commit: "ae427f1e4c1d66674cc457c6c3822de13ccb8777"
      urls:
      - "https://github.com/nbutton23/zxcvbn-go.git"
      - "git@github.com:nbutton23/zxcvbn-go.git"
      vcs: "git"
    vendorPath: "vendor/github.com/davecgh/go-spew"
    transitive: false
  - name: "github.com/docker/distribution"
    host:
      name: "k8s.io/client-go"
      commit: "4a3ab2f5be5177366f8206fd79ce55ca80e417fa"
      url: "https://github.com/kubernetes/client-go"
      vcs: "git"
    vendorPath: "vendor/github.com/docker/distribution"
    transitive: false
  - name: "github.com/docker/spdystream"
    host:
      name: "k8s.io/apimachinery"
      commit: "b317fa7ec8e0e7d1f77ac63bf8c3ec7b29a2a215"
      url: "https://github.com/kubernetes/apimachinery"
      vcs: "git"
    vendorPath: "vendor/github.com/docker/spdystream"
    transitive: false
  - name: "github.com/elazarl/goproxy"
    host:
      name: "k8s.io/apimachinery"
      commit: "b317fa7ec8e0e7d1f77ac63bf8c3ec7b29a2a215"
      url: "https://github.com/kubernetes/apimachinery"
      vcs: "git"
    vendorPath: "vendor/github.com/elazarl/goproxy"
    transitive: false
  - name: "github.com/emicklei/go-restful"
    host:
      name: "k8s.io/client-go"
      commit: "4a3ab2f5be5177366f8206fd79ce55ca80e417fa"
      url: "https://github.com/kubernetes/client-go"
      vcs: "git"
    vendorPath: "vendor/github.com/emicklei/go-restful"
    transitive: false
  - name: "github.com/evanphx/json-patch"
    host:
      name: "k8s.io/apimachinery"
      commit: "b317fa7ec8e0e7d1f77ac63bf8c3ec7b29a2a215"
      url: "https://github.com/kubernetes/apimachinery"
      vcs: "git"
    vendorPath: "vendor/github.com/evanphx/json-patch"
    transitive: false
  - name: "github.com/ghodss/yaml"
    host:
      name: "k8s.io/client-go"
      commit: "4a3ab2f5be5177366f8206fd79ce55ca80e417fa"
      url: "https://github.com/kubernetes/client-go"
      vcs: "git"
    vendorPath: "vendor/github.com/ghodss/yaml"
    transitive: false
  - name: "github.com/go-openapi/jsonpointer"
    host:
      name: "k8s.io/client-go"
      commit: "4a3ab2f5be5177366f8206fd79ce55ca80e417fa"
      url: "https://github.com/kubernetes/client-go"
      vcs: "git"
    vendorPath: "vendor/github.com/go-openapi/jsonpointer"
    transitive: false
  - name: "github.com/go-openapi/jsonreference"
    host:
      name: "k8s.io/client-go"
      commit: "4a3ab2f5be5177366f8206fd79ce55ca80e417fa"
      url: "https://github.com/kubernetes/client-go"
      vcs: "git"
    vendorPath: "vendor/github.com/go-openapi/jsonreference"
    transitive: false
  - name: "github.com/go-openapi/spec"
    host:
      name: "k8s.io/client-go"
      commit: "4a3ab2f5be5177366f8206fd79ce55ca80e417fa"
      url: "https://github.com/kubernetes/client-go"
      vcs: "git"
    vendorPath: "vendor/github.com/go-openapi/spec"
    transitive: false
  - name: "github.com/go-openapi/swag"
    host:
      name: "k8s.io/client-go"
      commit: "4a3ab2f5be5177366f8206fd79ce55ca80e417fa"
      url: "https://github.com/kubernetes/client-go"
      vcs: "git"
    vendorPath: "vendor/github.com/go-openapi/swag"
    transitive: false
  - urls:
    - "https://github.com/godbus/dbus.git"
    - "git@github.com:godbus/dbus.git"
    vcs: "git"
    name: "github.com/godbus/dbus"
    commit: "a31833e1a12623054b23f7ecc37e03a0beff8e87"
    transitive: false
  - name: "github.com/gogo/protobuf"
    host:
      name: "k8s.io/client-go"
      commit: "4a3ab2f5be5177366f8206fd79ce55ca80e417fa"
      url: "https://github.com/kubernetes/client-go"
      vcs: "git"
    vendorPath: "vendor/github.com/gogo/protobuf"
    transitive: false
  - urls:
    - "https://github.com/golang/glog.git"
    - "git@github.com:golang/glog.git"
    vcs: "git"
    name: "github.com/golang/glog"
    commit: "23def4e6c14b4da8ac2ed8007337bc5eb5007998"
    transitive: false
  - name: "github.com/golang/groupcache"
    host:
      name: "k8s.io/client-go"
      commit: "4a3ab2f5be5177366f8206fd79ce55ca80e417fa"
      url: "https://github.com/kubernetes/client-go"
      vcs: "git"
    vendorPath: "vendor/github.com/golang/groupcache"
    transitive: false
  - urls:
    - "https://github.com/golang/mock.git"
    - "git@github.com:golang/mock.git"
    vcs: "git"
    name: "github.com/golang/mock"
    commit: "c20582278a829e4b3259747a3ce0eceb1763ee13"
    transitive: false
  - urls:
    - "https://github.com/golang/protobuf.git"
    - "git@github.com:golang/protobuf.git"
    vcs: "git"
    name: "github.com/golang/protobuf"
    commit: "1e59b77b52bf8e4b449a57e6f79f21226d571845"
    transitive: false
  - urls:
    - "https://github.com/google/btree.git"
    - "git@github.com:google/btree.git"
    vcs: "git"
    name: "github.com/google/btree"
    commit: "4030bb1f1f0c35b30ca7009e9ebd06849dd45306"
    transitive: false
  - urls:
    - "https://github.com/google/go-cmp.git"
    - "git@github.com:google/go-cmp.git"
    vcs: "git"
    name: "github.com/google/go-cmp"
    commit: "77b690bf6c1049022bf199e25da3927a56d0a60d"
    transitive: false
  - name: "github.com/google/gofuzz"
    host:
      name: "k8s.io/client-go"
      commit: "4a3ab2f5be5177366f8206fd79ce55ca80e417fa"
      url: "https://github.com/kubernetes/client-go"
      vcs: "git"
    vendorPath: "vendor/github.com/google/gofuzz"
    transitive: false
  - urls:
    - "https://github.com/google/martian.git"
    - "git@github.com:google/martian.git"
    vcs: "git"
    name: "github.com/google/martian"
    commit: "d0b5ad32093d0e44d1645996ea95ea54fb364af8"
    transitive: false
  - urls:
    - "https://github.com/google/pprof.git"
    - "git@github.com:google/pprof.git"
    vcs: "git"
    name: "github.com/google/pprof"
    commit: "b421f19a5c07fe0eb5b553c4c3d681fdfcb80f26"
    transitive: false
  - urls:
    - "https://github.com/googleapis/gax-go.git"
    - "git@github.com:googleapis/gax-go.git"
    vcs: "git"
    name: "github.com/googleapis/gax-go"
    commit: "ddfab93c3faef4935403ac75a7c11f0e731dc181"
    transitive: false
  - name: "github.com/howeyc/gopass"
    host:
      name: "k8s.io/client-go"
      commit: "4a3ab2f5be5177366f8206fd79ce55ca80e417fa"
      url: "https://github.com/kubernetes/client-go"
      vcs: "git"
    vendorPath: "vendor/github.com/howeyc/gopass"
    transitive: false
  - urls:
    - "https://github.com/ianlancetaylor/demangle.git"
    - "git@github.com:ianlancetaylor/demangle.git"
    vcs: "git"
    name: "github.com/ianlancetaylor/demangle"
    commit: "5e5cf60278f657d30daa329dd0e7e893b6b8f027"
    transitive: false
  - name: "github.com/imdario/mergo"
    host:
      name: "k8s.io/client-go"
      commit: "4a3ab2f5be5177366f8206fd79ce55ca80e417fa"
      url: "https://github.com/kubernetes/client-go"
      vcs: "git"
    vendorPath: "vendor/github.com/imdario/mergo"
    transitive: false
  - urls:
    - "https://github.com/j-keck/arping.git"
    - "git@github.com:j-keck/arping.git"
    vcs: "git"
    name: "github.com/j-keck/arping"
    commit: "2cf9dc699c5640a7e2c81403a44127bf28033600"
    transitive: false
  - name: "github.com/jonboulle/clockwork"
    host:
      name: "k8s.io/client-go"
      commit: "4a3ab2f5be5177366f8206fd79ce55ca80e417fa"
      url: "https://github.com/kubernetes/client-go"
      vcs: "git"
    vendorPath: "vendor/github.com/jonboulle/clockwork"
    transitive: false
  - name: "github.com/juju/ratelimit"
    host:
      name: "k8s.io/client-go"
      commit: "4a3ab2f5be5177366f8206fd79ce55ca80e417fa"
      url: "https://github.com/kubernetes/client-go"
      vcs: "git"
    vendorPath: "vendor/github.com/juju/ratelimit"
    transitive: false
  - urls:
    - "https://github.com/kaloom/kubernetes-common.git"
    - "git@github.com:kaloom/kubernetes-common.git"
    vcs: "git"
    name: "github.com/kaloom/kubernetes-common"
    commit: "53ca04fed9be3d58433ddae04b77eeb8384fdebb"
    transitive: false
  - name: "github.com/mailru/easyjson"
    host:
      name: "k8s.io/client-go"
      commit: "4a3ab2f5be5177366f8206fd79ce55ca80e417fa"
      url: "https://github.com/kubernetes/client-go"
      vcs: "git"
    vendorPath: "vendor/github.com/mailru/easyjson"
    transitive: false
  - urls:
    - "https://github.com/mattn/go-shellwords.git"
    - "git@github.com:mattn/go-shellwords.git"
    vcs: "git"
    name: "github.com/mattn/go-shellwords"
    commit: "02e3cf038dcea8290e44424da473dd12be796a8a"
    transitive: false
  - urls:
    - "https://github.com/nbutton23/zxcvbn-go.git"
    - "git@github.com:nbutton23/zxcvbn-go.git"
    vcs: "git"
    name: "github.com/nbutton23/zxcvbn-go"
    commit: "ae427f1e4c1d66674cc457c6c3822de13ccb8777"
    transitive: false
  - name: "github.com/onsi/ginkgo"
    host:
      name: "github.com/containernetworking/cni"
      commit: "a2da8f8d7fd8e6dc25f336408a8ac86f050fbd88"
      urls:
      - "https://github.com/containernetworking/cni.git"
      - "git@github.com:containernetworking/cni.git"
      vcs: "git"
    vendorPath: "vendor/github.com/onsi/ginkgo"
    transitive: false
  - name: "github.com/onsi/gomega"
    host:
      name: "github.com/containernetworking/cni"
      commit: "a2da8f8d7fd8e6dc25f336408a8ac86f050fbd88"
      urls:
      - "https://github.com/containernetworking/cni.git"
      - "git@github.com:containernetworking/cni.git"
      vcs: "git"
    vendorPath: "vendor/github.com/onsi/gomega"
    transitive: false
  - name: "github.com/pborman/uuid"
    host:
      name: "k8s.io/apimachinery"
      commit: "b317fa7ec8e0e7d1f77ac63bf8c3ec7b29a2a215"
      url: "https://github.com/kubernetes/apimachinery"
      vcs: "git"
    vendorPath: "vendor/github.com/pborman/uuid"
    transitive: false
  - name: "github.com/pmezard/go-difflib"
    host:
      name: "github.com/nbutton23/zxcvbn-go"
      commit: "ae427f1e4c1d66674cc457c6c3822de13ccb8777"
      urls:
      - "https://github.com/nbutton23/zxcvbn-go.git"
      - "git@github.com:nbutton23/zxcvbn-go.git"
      vcs: "git"
    vendorPath: "vendor/github.com/pmezard/go-difflib"
    transitive: false
  - name: "github.com/spf13/pflag"
    host:
      name: "k8s.io/client-go"
      commit: "4a3ab2f5be5177366f8206fd79ce55ca80e417fa"
      url: "https://github.com/kubernetes/client-go"
      vcs: "git"
    vendorPath: "vendor/github.com/spf13/pflag"
    transitive: false
  - name: "github.com/stretchr/testify"
    host:
      name: "github.com/nbutton23/zxcvbn-go"
      commit: "ae427f1e4c1d66674cc457c6c3822de13ccb8777"
      urls:
      - "https://github.com/nbutton23/zxcvbn-go.git"
      - "git@github.com:nbutton23/zxcvbn-go.git"
      vcs: "git"
    vendorPath: "vendor/github.com/stretchr/testify"
    transitive: false
  - name: "github.com/tarm/serial"
    host:
      name: "golang.org/x/build"
      commit: "277427799bd46198c5041852f0828947f6674aa9"
      url: "https://go.googlesource.com/build"
      vcs: "git"
    vendorPath: "vendor/github.com/tarm/serial"
    transitive: false
  - name: "github.com/ugorji/go"
    host:
      name: "k8s.io/client-go"
      commit: "4a3ab2f5be5177366f8206fd79ce55ca80e417fa"
      url: "https://github.com/kubernetes/client-go"
      vcs: "git"
    vendorPath: "vendor/github.com/ugorji/go"
    transitive: false
  - urls:
    - "https://github.com/vishvananda/netlink.git"
    - "git@github.com:vishvananda/netlink.git"
    vcs: "git"
    name: "github.com/vishvananda/netlink"
    commit: "6e453822d85ef5721799774b654d4d02fed62afb"
    transitive: false
  - urls:
    - "https://github.com/vishvananda/netns.git"
    - "git@github.com:vishvananda/netns.git"
    vcs: "git"
    name: "github.com/vishvananda/netns"
    commit: "54f0e4339ce73702a0607f49922aaa1e749b418d"
    transitive: false
  - vcs: "git"
    name: "golang.org/x/build"
    commit: "277427799bd46198c5041852f0828947f6674aa9"
    url: "https://go.googlesource.com/build"
    transitive: false
  - vcs: "git"
    name: "golang.org/x/crypto"
    commit: "ffb98f73852f696ea2bb21a617a5c4b3e067a439"
    url: "https://go.googlesource.com/crypto"
    transitive: false
  - vcs: "git"
    name: "golang.org/x/net"
    commit: "bb807669a61aca6092d8137da1fab2150bb96ad7"
    url: "https://go.googlesource.com/net"
    transitive: false
  - vcs: "git"
    name: "golang.org/x/oauth2"
    commit: "9b3c75971fc92dd27c6436a37c05c831498658f1"
    url: "https://go.googlesource.com/oauth2"
    transitive: false
  - vcs: "git"
    name: "golang.org/x/sync"
    commit: "37e7f081c4d4c64e13b10787722085407fe5d15f"
    url: "https://go.googlesource.com/sync"
    transitive: false
  - vcs: "git"
    name: "golang.org/x/sys"
    commit: "cd2c276457edda6df7fb04895d3fd6a6add42926"
    url: "https://go.googlesource.com/sys"
    transitive: false
  - vcs: "git"
    name: "golang.org/x/text"
    commit: "6c92c7dc7f53607809182301b96e4cc1975143f1"
    url: "https://go.googlesource.com/text"
    transitive: false
  - vcs: "git"
    name: "golang.org/x/time"
    commit: "85acf8d2951cb2a3bde7632f9ff273ef0379bcbd"
    url: "https://go.googlesource.com/time"
    transitive: false
  - vcs: "git"
    name: "golang.org/x/tools"
    commit: "83362c3779f5f48611068d488a03ea7bbaddc81e"
    url: "https://go.googlesource.com/tools"
    transitive: false
  - vcs: "git"
    name: "google.golang.org/api"
    commit: "8a550ba84cafabe9b2262c41303f31e5a4626318"
    url: "https://code.googlesource.com/google-api-go-client"
    transitive: false
  - name: "google.golang.org/appengine"
    host:
      name: "k8s.io/client-go"
      commit: "4a3ab2f5be5177366f8206fd79ce55ca80e417fa"
      url: "https://github.com/kubernetes/client-go"
      vcs: "git"
    vendorPath: "vendor/google.golang.org/appengine"
    transitive: false
  - vcs: "git"
    name: "google.golang.org/genproto"
    commit: "a8101f21cf983e773d0c1133ebc5424792003214"
    url: "https://github.com/google/go-genproto"
    transitive: false
  - vcs: "git"
    name: "google.golang.org/grpc"
    commit: "1cd234627e6f392ade0527d593eb3fe53e832d4a"
    url: "https://github.com/grpc/grpc-go"
    transitive: false
  - name: "gopkg.in/inf.v0"
    host:
      name: "k8s.io/client-go"
      commit: "4a3ab2f5be5177366f8206fd79ce55ca80e417fa"
      url: "https://github.com/kubernetes/client-go"
      vcs: "git"
    vendorPath: "vendor/gopkg.in/inf.v0"
    transitive: false
  - name: "gopkg.in/yaml.v2"
    host:
      name: "k8s.io/client-go"
      commit: "4a3ab2f5be5177366f8206fd79ce55ca80e417fa"
      url: "https://github.com/kubernetes/client-go"
      vcs: "git"
    vendorPath: "vendor/gopkg.in/yaml.v2"
    transitive: false
  - vcs: "git"
    name: "k8s.io/apimachinery"
    commit: "b317fa7ec8e0e7d1f77ac63bf8c3ec7b29a2a215"
    url: "https://github.com/kubernetes/apimachinery"
    transitive: false
  - vcs: "git"
    name: "k8s.io/client-go"
    commit: "4a3ab2f5be5177366f8206fd79ce55ca80e417fa"
    url: "https://github.com/kubernetes/client-go"
    transitive: false
  test: []
